
Microsoft Visual Studio Solution File, Format Version 12.00
# Visual Studio Version 17
VisualStudioVersion = 17.7.34018.315
MinimumVisualStudioVersion = 10.0.40219.1
Project("{FAE04EC0-301F-11D3-BF4B-00C04F79EFBC}") = "DemoHangFire2", "DemoHangFire2\DemoHangFire2.csproj", "{C8EE3CBD-A4CB-4B51-967C-30C96EEF1A2A}"
EndProject
Project("{9A19103F-16F7-4668-BE54-9A1E7A4F7556}") = "ConsoleApp1", "ConsoleApp1\ConsoleApp1.csproj", "{8C5719D0-F32C-4D3C-AD75-47AEA03F2B63}"
EndProject
Project("{9A19103F-16F7-4668-BE54-9A1E7A4F7556}") = "GetLog", "GetLog\GetLog.csproj", "{9A908E90-86A8-4F13-A96F-04F0747E25B7}"
EndProject
Project("{9A19103F-16F7-4668-BE54-9A1E7A4F7556}") = "RSA", "RSA\RSA.csproj", "{89F77250-A6CD-4637-B1F2-A23692075D67}"
EndProject
Project("{9A19103F-16F7-4668-BE54-9A1E7A4F7556}") = "Signature", "Signature\Signature.csproj", "{7EA964A4-CAD1-4962-8279-16619ACA10BF}"
EndProject
Project("{9A19103F-16F7-4668-BE54-9A1E7A4F7556}") = "minimalTest", "minimalTest\minimalTest.csproj", "{CBCC28A0-A984-42C2-96AD-B5F0F3771B58}"
EndProject
Project("{9A19103F-16F7-4668-BE54-9A1E7A4F7556}") = "ProcessLog", "ProcessLog\ProcessLog.csproj", "{6DD575E6-B6C0-49EA-A1DD-2DA492A85BED}"
EndProject
Project("{9A19103F-16F7-4668-BE54-9A1E7A4F7556}") = "OrderQR", "OrderQR\OrderQR.csproj", "{1F7724F8-ACDE-408F-AB8E-D5DCE8AED527}"
EndProject
Project("{FAE04EC0-301F-11D3-BF4B-00C04F79EFBC}") = "TlsTestApp", "TlsTestApp\TlsTestApp.csproj", "{885EC855-2598-436B-B11F-22E5BB0289B3}"
EndProject
Global
	GlobalSection(SolutionConfigurationPlatforms) = preSolution
		Debug|Any CPU = Debug|Any CPU
		Release|Any CPU = Release|Any CPU
	EndGlobalSection
	GlobalSection(ProjectConfigurationPlatforms) = postSolution
		{C8EE3CBD-A4CB-4B51-967C-30C96EEF1A2A}.Debug|Any CPU.ActiveCfg = Debug|Any CPU
		{C8EE3CBD-A4CB-4B51-967C-30C96EEF1A2A}.Debug|Any CPU.Build.0 = Debug|Any CPU
		{C8EE3CBD-A4CB-4B51-967C-30C96EEF1A2A}.Release|Any CPU.ActiveCfg = Release|Any CPU
		{C8EE3CBD-A4CB-4B51-967C-30C96EEF1A2A}.Release|Any CPU.Build.0 = Release|Any CPU
		{8C5719D0-F32C-4D3C-AD75-47AEA03F2B63}.Debug|Any CPU.ActiveCfg = Debug|Any CPU
		{8C5719D0-F32C-4D3C-AD75-47AEA03F2B63}.Debug|Any CPU.Build.0 = Debug|Any CPU
		{8C5719D0-F32C-4D3C-AD75-47AEA03F2B63}.Release|Any CPU.ActiveCfg = Release|Any CPU
		{8C5719D0-F32C-4D3C-AD75-47AEA03F2B63}.Release|Any CPU.Build.0 = Release|Any CPU
		{9A908E90-86A8-4F13-A96F-04F0747E25B7}.Debug|Any CPU.ActiveCfg = Debug|Any CPU
		{9A908E90-86A8-4F13-A96F-04F0747E25B7}.Debug|Any CPU.Build.0 = Debug|Any CPU
		{9A908E90-86A8-4F13-A96F-04F0747E25B7}.Release|Any CPU.ActiveCfg = Release|Any CPU
		{9A908E90-86A8-4F13-A96F-04F0747E25B7}.Release|Any CPU.Build.0 = Release|Any CPU
		{89F77250-A6CD-4637-B1F2-A23692075D67}.Debug|Any CPU.ActiveCfg = Debug|Any CPU
		{89F77250-A6CD-4637-B1F2-A23692075D67}.Debug|Any CPU.Build.0 = Debug|Any CPU
		{89F77250-A6CD-4637-B1F2-A23692075D67}.Release|Any CPU.ActiveCfg = Release|Any CPU
		{89F77250-A6CD-4637-B1F2-A23692075D67}.Release|Any CPU.Build.0 = Release|Any CPU
		{7EA964A4-CAD1-4962-8279-16619ACA10BF}.Debug|Any CPU.ActiveCfg = Debug|Any CPU
		{7EA964A4-CAD1-4962-8279-16619ACA10BF}.Debug|Any CPU.Build.0 = Debug|Any CPU
		{7EA964A4-CAD1-4962-8279-16619ACA10BF}.Release|Any CPU.ActiveCfg = Release|Any CPU
		{7EA964A4-CAD1-4962-8279-16619ACA10BF}.Release|Any CPU.Build.0 = Release|Any CPU
		{CBCC28A0-A984-42C2-96AD-B5F0F3771B58}.Debug|Any CPU.ActiveCfg = Debug|Any CPU
		{CBCC28A0-A984-42C2-96AD-B5F0F3771B58}.Debug|Any CPU.Build.0 = Debug|Any CPU
		{CBCC28A0-A984-42C2-96AD-B5F0F3771B58}.Release|Any CPU.ActiveCfg = Release|Any CPU
		{CBCC28A0-A984-42C2-96AD-B5F0F3771B58}.Release|Any CPU.Build.0 = Release|Any CPU
		{6DD575E6-B6C0-49EA-A1DD-2DA492A85BED}.Debug|Any CPU.ActiveCfg = Debug|Any CPU
		{6DD575E6-B6C0-49EA-A1DD-2DA492A85BED}.Debug|Any CPU.Build.0 = Debug|Any CPU
		{6DD575E6-B6C0-49EA-A1DD-2DA492A85BED}.Release|Any CPU.ActiveCfg = Release|Any CPU
		{6DD575E6-B6C0-49EA-A1DD-2DA492A85BED}.Release|Any CPU.Build.0 = Release|Any CPU
		{1F7724F8-ACDE-408F-AB8E-D5DCE8AED527}.Debug|Any CPU.ActiveCfg = Debug|Any CPU
		{1F7724F8-ACDE-408F-AB8E-D5DCE8AED527}.Debug|Any CPU.Build.0 = Debug|Any CPU
		{1F7724F8-ACDE-408F-AB8E-D5DCE8AED527}.Release|Any CPU.ActiveCfg = Release|Any CPU
		{1F7724F8-ACDE-408F-AB8E-D5DCE8AED527}.Release|Any CPU.Build.0 = Release|Any CPU
		{885EC855-2598-436B-B11F-22E5BB0289B3}.Debug|Any CPU.ActiveCfg = Debug|Any CPU
		{885EC855-2598-436B-B11F-22E5BB0289B3}.Debug|Any CPU.Build.0 = Debug|Any CPU
		{885EC855-2598-436B-B11F-22E5BB0289B3}.Release|Any CPU.ActiveCfg = Release|Any CPU
		{885EC855-2598-436B-B11F-22E5BB0289B3}.Release|Any CPU.Build.0 = Release|Any CPU
	EndGlobalSection
	GlobalSection(SolutionProperties) = preSolution
		HideSolutionNode = FALSE
	EndGlobalSection
	GlobalSection(ExtensibilityGlobals) = postSolution
		SolutionGuid = {212C7775-6582-45A2-BE97-FBCE9BDA49E8}
	EndGlobalSection
EndGlobal
